Microsoft Visual Studio Solution File, Format Version 12.00
# Visual Studio Version 17
VisualStudioVersion = 17.5.2.0
MinimumVisualStudioVersion = 10.0.40219.1
Project("{FAE04EC0-301F-11D3-BF4B-00C04F79EFBC}") = "GerenciamentoZoo.Api", "GerenciamentoZoo.Api\GerenciamentoZoo.Api.csproj", "{8100AC19-AB26-5B97-874C-9870A1271ECC}"
EndProject
Global
	GlobalSection(SolutionConfigurationPlatforms) = preSolution
		Debug|Any CPU = Debug|Any CPU
		Release|Any CPU = Release|Any CPU
	EndGlobalSection
	GlobalSection(ProjectConfigurationPlatforms) = postSolution
		{8100AC19-AB26-5B97-874C-9870A1271ECC}.Debug|Any CPU.ActiveCfg = Debug|Any CPU
		{8100AC19-AB26-5B97-874C-9870A1271ECC}.Debug|Any CPU.Build.0 = Debug|Any CPU
		{8100AC19-AB26-5B97-874C-9870A1271ECC}.Release|Any CPU.ActiveCfg = Release|Any CPU
		{8100AC19-AB26-5B97-874C-9870A1271ECC}.Release|Any CPU.Build.0 = Release|Any CPU
	EndGlobalSection
	GlobalSection(SolutionProperties) = preSolution
		HideSolutionNode = FALSE
	EndGlobalSection
	GlobalSection(ExtensibilityGlobals) = postSolution
		SolutionGuid = {8D6F5D57-6D6F-4405-A0CF-F33AB7D92915}
	EndGlobalSection
EndGlobal
